
Microsoft Visual Studio Solution File, Format Version 12.00
# Visual Studio Version 16
VisualStudioVersion = 16.0.29123.88
MinimumVisualStudioVersion = 10.0.40219.1
Project("{F184B08F-C81C-45F6-A57F-5ABD9991F28F}") = "Hronometr", "Hronometr\Hronometr.vbproj", "{78D24DCF-7183-41FC-A7CC-56104813ABDB}"
EndProject
Global
	GlobalSection(SolutionConfigurationPlatforms) = preSolution
		Debug|Any CPU = Debug|Any CPU
		Release|Any CPU = Release|Any CPU
	EndGlobalSection
	GlobalSection(ProjectConfigurationPlatforms) = postSolution
		{78D24DCF-7183-41FC-A7CC-56104813ABDB}.Debug|Any CPU.ActiveCfg = Debug|Any CPU
		{78D24DCF-7183-41FC-A7CC-56104813ABDB}.Debug|Any CPU.Build.0 = Debug|Any CPU
		{78D24DCF-7183-41FC-A7CC-56104813ABDB}.Release|Any CPU.ActiveCfg = Release|Any CPU
		{78D24DCF-7183-41FC-A7CC-56104813ABDB}.Release|Any CPU.Build.0 = Release|Any CPU
	EndGlobalSection
	GlobalSection(SolutionProperties) = preSolution
		HideSolutionNode = FALSE
	EndGlobalSection
	GlobalSection(ExtensibilityGlobals) = postSolution
		SolutionGuid = {6F338F03-117E-4F8F-826E-AD84C3231BBB}
	EndGlobalSection
EndGlobal
